
Microsoft Visual Studio Solution File, Format Version 12.00
Project("{FAE04EC0-301F-11D3-BF4B-00C04F79EFBC}") = "ClubManager", "ClubManager.csproj", "{C021332A-C08C-42F6-B0B1-725F0E570EDD}"
EndProject
Global
	GlobalSection(SolutionConfigurationPlatforms) = preSolution
		Debug|Any CPU = Debug|Any CPU
		Release|Any CPU = Release|Any CPU
	EndGlobalSection
	GlobalSection(ProjectConfigurationPlatforms) = postSolution
		{C021332A-C08C-42F6-B0B1-725F0E570EDD}.Debug|Any CPU.ActiveCfg = Debug|Any CPU
		{C021332A-C08C-42F6-B0B1-725F0E570EDD}.Debug|Any CPU.Build.0 = Debug|Any CPU
		{C021332A-C08C-42F6-B0B1-725F0E570EDD}.Release|Any CPU.ActiveCfg = Release|Any CPU
		{C021332A-C08C-42F6-B0B1-725F0E570EDD}.Release|Any CPU.Build.0 = Release|Any CPU
	EndGlobalSection
EndGlobal
